
Microsoft Visual Studio Solution File, Format Version 12.00
# Visual Studio 15
Project("{FAE04EC0-301F-11D3-BF4B-00C04F79EFBC}") = "Assembly-CSharp", "Assembly-CSharp.csproj", "{B0C4866A-47BB-99A7-7CA2-8F5B6CBF4279}"
EndProject
Global
	GlobalSection(SolutionConfigurationPlatforms) = preSolution
		Debug|Any CPU = Debug|Any CPU
		Release|Any CPU = Release|Any CPU
	EndGlobalSection
	GlobalSection(ProjectConfigurationPlatforms) = postSolution
		{B0C4866A-47BB-99A7-7CA2-8F5B6CBF4279}.Debug|Any CPU.ActiveCfg = Debug|Any CPU
		{B0C4866A-47BB-99A7-7CA2-8F5B6CBF4279}.Debug|Any CPU.Build.0 = Debug|Any CPU
		{B0C4866A-47BB-99A7-7CA2-8F5B6CBF4279}.Release|Any CPU.ActiveCfg = Release|Any CPU
		{B0C4866A-47BB-99A7-7CA2-8F5B6CBF4279}.Release|Any CPU.Build.0 = Release|Any CPU
	EndGlobalSection
	GlobalSection(SolutionProperties) = preSolution
		HideSolutionNode = FALSE
	EndGlobalSection
EndGlobal
